# This file is automatically @generated by Cargo.
# It is not intended for manual editing.
version = 4

[[package]]
name = "grammar-kit"
version = "0.7.1"
source = "registry+https://github.com/rust-lang/crates.io-index"
checksum = "8aba7fa709788fadce0028d9f106f1a58eadc9b3f37f9f0043205d529fb24be5"
dependencies = [
 "proc-macro2",
 "quote",
 "syn",
]

[[package]]
name = "libc"
version = "0.2.182"
source = "registry+https://github.com/rust-lang/crates.io-index"
checksum = "6800badb6cb2082ffd7b6a67e6125bb39f18782f793520caee8cb8846be06112"

[[package]]
name = "memchr"
version = "2.8.0"
source = "registry+https://github.com/rust-lang/crates.io-index"
checksum = "f8ca58f447f06ed17d5fc4043ce1b10dd205e060fb3ce5b979b8ed8e59ff3f79"

[[package]]
name = "nikaia_driver"
version = "0.0.1"
dependencies = [
 "libc",
 "proc-macro2",
 "quote",
 "syn",
 "winnow",
 "winnow-grammar",
]

[[package]]
name = "proc-macro2"
version = "1.0.106"
source = "registry+https://github.com/rust-lang/crates.io-index"
checksum = "8fd00f0bb2e90d81d1044c2b32617f68fcb9fa3bb7640c23e9c748e53fb30934"
dependencies = [
 "unicode-ident",
]

[[package]]
name = "quote"
version = "1.0.44"
source = "registry+https://github.com/rust-lang/crates.io-index"
checksum = "21b2ebcf727b7760c461f091f9f0f539b77b8e87f2fd88131e7f1b433b3cece4"
dependencies = [
 "proc-macro2",
]

[[package]]
name = "syn"
version = "2.0.116"
source = "registry+https://github.com/rust-lang/crates.io-index"
checksum = "3df424c70518695237746f84cede799c9c58fcb37450d7b23716568cc8bc69cb"
dependencies = [
 "proc-macro2",
 "quote",
 "unicode-ident",
]

[[package]]
name = "syn-grammar"
version = "0.7.1"
source = "registry+https://github.com/rust-lang/crates.io-index"
checksum = "23351ab1a05356ff3f4d46f5b3e6b99ef4e85ed841f11d75112027ceeb55f376"
dependencies = [
 "grammar-kit",
 "proc-macro2",
 "quote",
 "syn",
 "syn-grammar-macros",
 "syn-grammar-model",
]

[[package]]
name = "syn-grammar-macros"
version = "0.7.1"
source = "registry+https://github.com/rust-lang/crates.io-index"
checksum = "85b7ac854aea331c18fe6dbdb7d42656be9962c710b46a50bd1f27a53198cb2d"
dependencies = [
 "proc-macro2",
 "quote",
 "syn",
 "syn-grammar-model",
]

[[package]]
name = "syn-grammar-model"
version = "0.7.1"
source = "registry+https://github.com/rust-lang/crates.io-index"
checksum = "6d38e295844491ff6bf4fee1cc33d9fbbdb8012f48a59fbaf687b895e91f6264"
dependencies = [
 "proc-macro2",
 "quote",
 "syn",
]

[[package]]
name = "unicode-ident"
version = "1.0.24"
source = "registry+https://github.com/rust-lang/crates.io-index"
checksum = "e6e4313cd5fcd3dad5cafa179702e2b244f760991f45397d14d4ebf38247da75"

[[package]]
name = "winnow"
version = "0.6.26"
source = "registry+https://github.com/rust-lang/crates.io-index"
checksum = "1e90edd2ac1aa278a5c4599b1d89cf03074b610800f866d4026dc199d7929a28"
dependencies = [
 "memchr",
]

[[package]]
name = "winnow-grammar"
version = "0.1.0"
source = "git+https://github.com/keywan-ghadami/winnow-grammar?branch=main#43aae1f3f9f921a03972b19412064db944ec5aa4"
dependencies = [
 "proc-macro2",
 "quote",
 "syn",
 "syn-grammar",
 "syn-grammar-model",
 "winnow",
 "winnow-grammar-macro",
]

[[package]]
name = "winnow-grammar-macro"
version = "0.1.0"
source = "git+https://github.com/keywan-ghadami/winnow-grammar?branch=main#43aae1f3f9f921a03972b19412064db944ec5aa4"
dependencies = [
 "grammar-kit",
 "proc-macro2",
 "quote",
 "syn",
 "syn-grammar",
 "syn-grammar-model",
]
